
Microsoft Visual Studio Solution File, Format Version 12.00
# Visual Studio Version 17
VisualStudioVersion = 17.9.34728.123
MinimumVisualStudioVersion = 10.0.40219.1
Project("{9A19103F-16F7-4668-BE54-9A1E7A4F7556}") = "VacinaFacil.Repository", "VacinaFacil.Repository\VacinaFacil.Repository.csproj", "{2DF72CE3-2628-4443-ACAD-BA80580A3048}"
EndProject
Project("{9A19103F-16F7-4668-BE54-9A1E7A4F7556}") = "VacinaFacil.Repository.Interface", "VacinaFacil.Repository.Interface\VacinaFacil.Repository.Interface.csproj", "{B70191A1-44F4-4C0A-8B94-0CEE1841786F}"
EndProject
Project("{9A19103F-16F7-4668-BE54-9A1E7A4F7556}") = "VacinaFacil.Business", "VacinaFacil.Business\VacinaFacil.Business.csproj", "{A15B5923-D588-4CF4-BCBA-9DF8E7DF7D8E}"
EndProject
Project("{9A19103F-16F7-4668-BE54-9A1E7A4F7556}") = "VacinaFacil.Business.Interface", "VacinaFacil.Business.Interface\VacinaFacil.Business.Interface.csproj", "{66FBC0E7-4F25-47DB-9E30-2B52A0C392A6}"
EndProject
Project("{9A19103F-16F7-4668-BE54-9A1E7A4F7556}") = "VacinaFacil.Entity", "Entity\VacinaFacil.Entity.csproj", "{3A64261E-65C3-4EA8-811B-0F8CB43C4A7E}"
EndProject
Project("{9A19103F-16F7-4668-BE54-9A1E7A4F7556}") = "VacinaFacil.Api", "VacinaFacil.Api\VacinaFacil.Api.csproj", "{C86F992A-DD8B-43EF-BD55-FD97058AFB80}"
EndProject
Project("{9A19103F-16F7-4668-BE54-9A1E7A4F7556}") = "VacinaFacil.Utils", "VacinaFacil.Utils\VacinaFacil.Utils.csproj", "{8AC23750-7599-4180-ABFF-D1DE659309AF}"
EndProject
Project("{FAE04EC0-301F-11D3-BF4B-00C04F79EFBC}") = "VacinaFacil.Validator", "VacinaFacil.Validator\VacinaFacil.Validator.csproj", "{65CBEF57-B277-49FA-B50A-1ADDFF86F47C}"
EndProject
Global
	GlobalSection(SolutionConfigurationPlatforms) = preSolution
		Debug|Any CPU = Debug|Any CPU
		Release|Any CPU = Release|Any CPU
	EndGlobalSection
	GlobalSection(ProjectConfigurationPlatforms) = postSolution
		{2DF72CE3-2628-4443-ACAD-BA80580A3048}.Debug|Any CPU.ActiveCfg = Debug|Any CPU
		{2DF72CE3-2628-4443-ACAD-BA80580A3048}.Debug|Any CPU.Build.0 = Debug|Any CPU
		{2DF72CE3-2628-4443-ACAD-BA80580A3048}.Release|Any CPU.ActiveCfg = Release|Any CPU
		{2DF72CE3-2628-4443-ACAD-BA80580A3048}.Release|Any CPU.Build.0 = Release|Any CPU
		{B70191A1-44F4-4C0A-8B94-0CEE1841786F}.Debug|Any CPU.ActiveCfg = Debug|Any CPU
		{B70191A1-44F4-4C0A-8B94-0CEE1841786F}.Debug|Any CPU.Build.0 = Debug|Any CPU
		{B70191A1-44F4-4C0A-8B94-0CEE1841786F}.Release|Any CPU.ActiveCfg = Release|Any CPU
		{B70191A1-44F4-4C0A-8B94-0CEE1841786F}.Release|Any CPU.Build.0 = Release|Any CPU
		{A15B5923-D588-4CF4-BCBA-9DF8E7DF7D8E}.Debug|Any CPU.ActiveCfg = Debug|Any CPU
		{A15B5923-D588-4CF4-BCBA-9DF8E7DF7D8E}.Debug|Any CPU.Build.0 = Debug|Any CPU
		{A15B5923-D588-4CF4-BCBA-9DF8E7DF7D8E}.Release|Any CPU.ActiveCfg = Release|Any CPU
		{A15B5923-D588-4CF4-BCBA-9DF8E7DF7D8E}.Release|Any CPU.Build.0 = Release|Any CPU
		{66FBC0E7-4F25-47DB-9E30-2B52A0C392A6}.Debug|Any CPU.ActiveCfg = Debug|Any CPU
		{66FBC0E7-4F25-47DB-9E30-2B52A0C392A6}.Debug|Any CPU.Build.0 = Debug|Any CPU
		{66FBC0E7-4F25-47DB-9E30-2B52A0C392A6}.Release|Any CPU.ActiveCfg = Release|Any CPU
		{66FBC0E7-4F25-47DB-9E30-2B52A0C392A6}.Release|Any CPU.Build.0 = Release|Any CPU
		{3A64261E-65C3-4EA8-811B-0F8CB43C4A7E}.Debug|Any CPU.ActiveCfg = Debug|Any CPU
		{3A64261E-65C3-4EA8-811B-0F8CB43C4A7E}.Debug|Any CPU.Build.0 = Debug|Any CPU
		{3A64261E-65C3-4EA8-811B-0F8CB43C4A7E}.Release|Any CPU.ActiveCfg = Release|Any CPU
		{3A64261E-65C3-4EA8-811B-0F8CB43C4A7E}.Release|Any CPU.Build.0 = Release|Any CPU
		{C86F992A-DD8B-43EF-BD55-FD97058AFB80}.Debug|Any CPU.ActiveCfg = Debug|Any CPU
		{C86F992A-DD8B-43EF-BD55-FD97058AFB80}.Debug|Any CPU.Build.0 = Debug|Any CPU
		{C86F992A-DD8B-43EF-BD55-FD97058AFB80}.Release|Any CPU.ActiveCfg = Release|Any CPU
		{C86F992A-DD8B-43EF-BD55-FD97058AFB80}.Release|Any CPU.Build.0 = Release|Any CPU
		{8AC23750-7599-4180-ABFF-D1DE659309AF}.Debug|Any CPU.ActiveCfg = Debug|Any CPU
		{8AC23750-7599-4180-ABFF-D1DE659309AF}.Debug|Any CPU.Build.0 = Debug|Any CPU
		{8AC23750-7599-4180-ABFF-D1DE659309AF}.Release|Any CPU.ActiveCfg = Release|Any CPU
		{8AC23750-7599-4180-ABFF-D1DE659309AF}.Release|Any CPU.Build.0 = Release|Any CPU
		{65CBEF57-B277-49FA-B50A-1ADDFF86F47C}.Debug|Any CPU.ActiveCfg = Debug|Any CPU
		{65CBEF57-B277-49FA-B50A-1ADDFF86F47C}.Debug|Any CPU.Build.0 = Debug|Any CPU
		{65CBEF57-B277-49FA-B50A-1ADDFF86F47C}.Release|Any CPU.ActiveCfg = Release|Any CPU
		{65CBEF57-B277-49FA-B50A-1ADDFF86F47C}.Release|Any CPU.Build.0 = Release|Any CPU
	EndGlobalSection
	GlobalSection(SolutionProperties) = preSolution
		HideSolutionNode = FALSE
	EndGlobalSection
	GlobalSection(ExtensibilityGlobals) = postSolution
		SolutionGuid = {A41BA937-AF58-4B0C-A6BC-429BAC105631}
	EndGlobalSection
EndGlobal
