
Microsoft Visual Studio Solution File, Format Version 12.00
# Visual Studio Version 17
VisualStudioVersion = 17.9.34728.123
MinimumVisualStudioVersion = 10.0.40219.1
Project("{FAE04EC0-301F-11D3-BF4B-00C04F79EFBC}") = "VacinaFacil.Api", "VacinaFacil\VacinaFacil.Api.csproj", "{A5E383D8-4522-426E-BB29-6E99D59D12AD}"
EndProject
Global
	GlobalSection(SolutionConfigurationPlatforms) = preSolution
		Debug|Any CPU = Debug|Any CPU
		Release|Any CPU = Release|Any CPU
	EndGlobalSection
	GlobalSection(ProjectConfigurationPlatforms) = postSolution
		{A5E383D8-4522-426E-BB29-6E99D59D12AD}.Debug|Any CPU.ActiveCfg = Debug|Any CPU
		{A5E383D8-4522-426E-BB29-6E99D59D12AD}.Debug|Any CPU.Build.0 = Debug|Any CPU
		{A5E383D8-4522-426E-BB29-6E99D59D12AD}.Release|Any CPU.ActiveCfg = Release|Any CPU
		{A5E383D8-4522-426E-BB29-6E99D59D12AD}.Release|Any CPU.Build.0 = Release|Any CPU
	EndGlobalSection
	GlobalSection(SolutionProperties) = preSolution
		HideSolutionNode = FALSE
	EndGlobalSection
	GlobalSection(ExtensibilityGlobals) = postSolution
		SolutionGuid = {A41BA937-AF58-4B0C-A6BC-429BAC105631}
	EndGlobalSection
EndGlobal
